
Microsoft Visual Studio Solution File, Format Version 12.00
# Visual Studio Version 16
VisualStudioVersion = 16.0.31829.152
MinimumVisualStudioVersion = 10.0.40219.1
Project("{FAE04EC0-301F-11D3-BF4B-00C04F79EFBC}") = "Zadacha17.1", "Zadacha17.1\Zadacha17.1.csproj", "{AB97008F-E218-43CE-8FB0-2EFC34C2353B}"
EndProject
Global
	GlobalSection(SolutionConfigurationPlatforms) = preSolution
		Debug|Any CPU = Debug|Any CPU
		Release|Any CPU = Release|Any CPU
	EndGlobalSection
	GlobalSection(ProjectConfigurationPlatforms) = postSolution
		{AB97008F-E218-43CE-8FB0-2EFC34C2353B}.Debug|Any CPU.ActiveCfg = Debug|Any CPU
		{AB97008F-E218-43CE-8FB0-2EFC34C2353B}.Debug|Any CPU.Build.0 = Debug|Any CPU
		{AB97008F-E218-43CE-8FB0-2EFC34C2353B}.Release|Any CPU.ActiveCfg = Release|Any CPU
		{AB97008F-E218-43CE-8FB0-2EFC34C2353B}.Release|Any CPU.Build.0 = Release|Any CPU
	EndGlobalSection
	GlobalSection(SolutionProperties) = preSolution
		HideSolutionNode = FALSE
	EndGlobalSection
	GlobalSection(ExtensibilityGlobals) = postSolution
		SolutionGuid = {F0D9CF12-8208-4D06-8A96-084E3C58F9C6}
	EndGlobalSection
EndGlobal
